
Microsoft Visual Studio Solution File, Format Version 12.00
# Visual Studio Version 16
VisualStudioVersion = 16.0.30104.148
MinimumVisualStudioVersion = 10.0.40219.1
Project("{2150E333-8FDC-42A3-9474-1A3956D46DE8}") = "Intel MyDeals 1 Data Access Layer", "Intel MyDeals 1 Data Access Layer", "{A18EE0E6-6970-447C-94BD-B363F7D2C433}"
EndProject
Project("{FAE04EC0-301F-11D3-BF4B-00C04F79EFBC}") = "Intel.MyDeals.DataAccessLib", "Intel.MyDeals.DataAccessLib\Intel.MyDeals.DataAccessLib.csproj", "{BD90141B-F4DE-4FA3-B6D0-45BB04A3596F}"
EndProject
Project("{2150E333-8FDC-42A3-9474-1A3956D46DE8}") = "Intel MyDeals 2 Entities", "Intel MyDeals 2 Entities", "{826EA199-87EA-43E9-B23C-61C1A1B334E6}"
	ProjectSection(SolutionItems) = preProject
		Intel.MyDeals.Entities\MyDeals Objects\MyDealsAttribute.cs = Intel.MyDeals.Entities\MyDeals Objects\MyDealsAttribute.cs
	EndProjectSection
EndProject
Project("{FAE04EC0-301F-11D3-BF4B-00C04F79EFBC}") = "Intel.MyDeals.Entities", "Intel.MyDeals.Entities\Intel.MyDeals.Entities.csproj", "{AE1A3978-08EF-4A15-82CD-7BA6192A9B52}"
EndProject
Project("{2150E333-8FDC-42A3-9474-1A3956D46DE8}") = "Shared Libraries", "Shared Libraries", "{D4550934-4B65-4F13-A51A-5873792838C1}"
	ProjectSection(SolutionItems) = preProject
		Shared Libraries\Antlr3.Runtime.dll = Shared Libraries\Antlr3.Runtime.dll
		Shared Libraries\Apache.NMS.ActiveMQ.dll = Shared Libraries\Apache.NMS.ActiveMQ.dll
		Shared Libraries\Apache.NMS.dll = Shared Libraries\Apache.NMS.dll
		Shared Libraries\ICSharpCode.SharpZipLib.dll = Shared Libraries\ICSharpCode.SharpZipLib.dll
		Shared Libraries\ICSharpCode.SharpZipLib.pdb = Shared Libraries\ICSharpCode.SharpZipLib.pdb
		Shared Libraries\Intel.Opaque.Config.dll = Shared Libraries\Intel.Opaque.Config.dll
		Shared Libraries\Intel.Opaque.Config.Net.dll = Shared Libraries\Intel.Opaque.Config.Net.dll
		Shared Libraries\Intel.Opaque.Data.dll = Shared Libraries\Intel.Opaque.Data.dll
		Shared Libraries\Intel.Opaque.Data.pdb = Shared Libraries\Intel.Opaque.Data.pdb
		Shared Libraries\Intel.Opaque.DBAccess.dll = Shared Libraries\Intel.Opaque.DBAccess.dll
		Shared Libraries\Intel.Opaque.DBAccess.pdb = Shared Libraries\Intel.Opaque.DBAccess.pdb
		Shared Libraries\Intel.Opaque.dll = Shared Libraries\Intel.Opaque.dll
		Shared Libraries\Intel.Opaque.Environments.dll = Shared Libraries\Intel.Opaque.Environments.dll
		Shared Libraries\Intel.Opaque.pdb = Shared Libraries\Intel.Opaque.pdb
		Shared Libraries\Intel.Opaque.Rules.dll = Shared Libraries\Intel.Opaque.Rules.dll
		Shared Libraries\Intel.Opaque.Rules.pdb = Shared Libraries\Intel.Opaque.Rules.pdb
		Shared Libraries\Intel.Opaque.Templating.dll = Shared Libraries\Intel.Opaque.Templating.dll
		Shared Libraries\Intel.Opaque.Templating.pdb = Shared Libraries\Intel.Opaque.Templating.pdb
		Shared Libraries\Intel.Opaque.Tools.dll = Shared Libraries\Intel.Opaque.Tools.dll
		Shared Libraries\Intel.Opaque.Utilities.Server.dll = Shared Libraries\Intel.Opaque.Utilities.Server.dll
		Shared Libraries\Intel.RulesEngine.dll = Shared Libraries\Intel.RulesEngine.dll
		Shared Libraries\Intel.RulesEngine.pdb = Shared Libraries\Intel.RulesEngine.pdb
		Shared Libraries\Kendo.Mvc.dll = Shared Libraries\Kendo.Mvc.dll
		Shared Libraries\Microsoft.ApplicationBlocks.ExceptionManagement.dll = Shared Libraries\Microsoft.ApplicationBlocks.ExceptionManagement.dll
		Intel.Mydeals.JMSQueue\Libraries\Newtonsoft.Json.dll = Intel.Mydeals.JMSQueue\Libraries\Newtonsoft.Json.dll
		Intel.Mydeals.JMSQueue\Libraries\System.Net.Http.Formatting.dll = Intel.Mydeals.JMSQueue\Libraries\System.Net.Http.Formatting.dll
		Shared Libraries\Telerik.Reporting.dll = Shared Libraries\Telerik.Reporting.dll
		Shared Libraries\Telerik.Reporting.Service.dll = Shared Libraries\Telerik.Reporting.Service.dll
		Shared Libraries\TIBCO.EMS.dll = Shared Libraries\TIBCO.EMS.dll
	EndProjectSection
EndProject
Project("{2150E333-8FDC-42A3-9474-1A3956D46DE8}") = "Intel MyDeals 3 Data Libraries", "Intel MyDeals 3 Data Libraries", "{3EE27FFE-7643-4D8E-A0D2-09D306204105}"
EndProject
Project("{2150E333-8FDC-42A3-9474-1A3956D46DE8}") = "Intel MyDeals 5 Business Layer", "Intel MyDeals 5 Business Layer", "{DDE77E6E-C875-4373-AD6A-402E63A065EC}"
EndProject
Project("{2150E333-8FDC-42A3-9474-1A3956D46DE8}") = "Intel MyDeals 6 Application Layer", "Intel MyDeals 6 Application Layer", "{17E4B7FF-BFC2-4A5A-9B8E-F7917803CA85}"
EndProject
Project("{FAE04EC0-301F-11D3-BF4B-00C04F79EFBC}") = "Intel.MyDeals.DataLibrary", "Intel.MyDeals.DataLibrary\Intel.MyDeals.DataLibrary.csproj", "{B45850DC-1515-40D2-BFA5-15C8DFFC5AF2}"
EndProject
Project("{FAE04EC0-301F-11D3-BF4B-00C04F79EFBC}") = "Intel.MyDeals.BusinessLogic", "Intel.MyDeals.BusinessLogic\Intel.MyDeals.BusinessLogic.csproj", "{D49F802F-7F79-4F6E-9553-D26F40E7DB34}"
EndProject
Project("{FAE04EC0-301F-11D3-BF4B-00C04F79EFBC}") = "Intel.MyDeals.BusinessRules", "Intel.MyDeals.BusinessRules\Intel.MyDeals.BusinessRules.csproj", "{2F3217AD-E46B-4DAB-82C2-11E007B65A9C}"
EndProject
Project("{2150E333-8FDC-42A3-9474-1A3956D46DE8}") = "Intel MyDeals 4 Business Rules", "Intel MyDeals 4 Business Rules", "{ED7EFC47-D39F-4FB2-9C7D-63C201F66D01}"
EndProject
Project("{FAE04EC0-301F-11D3-BF4B-00C04F79EFBC}") = "Intel.MyDeals.App", "Intel.MyDeals.App\Intel.MyDeals.App.csproj", "{4C8F8A09-1694-4E75-91F9-9E6CD9F697B3}"
EndProject
Project("{FAE04EC0-301F-11D3-BF4B-00C04F79EFBC}") = "Intel.MyDeals", "Intel.MyDeals\Intel.MyDeals.csproj", "{82000E27-2C54-48BC-8226-001857E1A45D}"
EndProject
Project("{FAE04EC0-301F-11D3-BF4B-00C04F79EFBC}") = "Intel.MyDeals.Tests", "Intel.MyDeals.Tests\Intel.MyDeals.Tests.csproj", "{5603E7C3-D96C-4019-BD50-338943DC67EC}"
EndProject
Project("{FAE04EC0-301F-11D3-BF4B-00C04F79EFBC}") = "Intel.MyDeals.Entities.Test", "Intel.MyDeals.Entities.Test\Intel.MyDeals.Entities.Test.csproj", "{0ED9E783-D25D-4BFA-B2B1-1FB0655B5671}"
EndProject
Project("{FAE04EC0-301F-11D3-BF4B-00C04F79EFBC}") = "Intel.MyDeals.DataLibrary.Test", "Intel.MyDeals.DataLibrary.Test\Intel.MyDeals.DataLibrary.Test.csproj", "{BB4F6AF0-3519-4CF3-B0F1-7AEE380348FF}"
EndProject
Project("{FAE04EC0-301F-11D3-BF4B-00C04F79EFBC}") = "Intel.MyDeals.BusinessLogic.Test", "Intel.MyDeals.BusinessLogic.Test\Intel.MyDeals.BusinessLogic.Test.csproj", "{AA269DBF-402C-45EC-A065-83F3BFA4105F}"
EndProject
Project("{FAE04EC0-301F-11D3-BF4B-00C04F79EFBC}") = "Intel.MyDeals.App.Test", "Intel.MyDeals.App.Test\Intel.MyDeals.App.Test.csproj", "{54108804-19D3-4EFD-BDB5-9F9AA02FDD05}"
EndProject
Project("{FAE04EC0-301F-11D3-BF4B-00C04F79EFBC}") = "Intel.MyDeals.IDataLibrary", "Intel.MyDeals.IDataLibraries\Intel.MyDeals.IDataLibrary.csproj", "{3E9B9F0A-9C92-404E-AFDF-75AD67AC76D8}"
EndProject
Project("{FAE04EC0-301F-11D3-BF4B-00C04F79EFBC}") = "Intel.MyDeals.DependencyResolver", "DependencyResolver\Intel.MyDeals.DependencyResolver.csproj", "{BBC3062A-64DD-4C91-BF41-24046A9F1009}"
EndProject
Project("{FAE04EC0-301F-11D3-BF4B-00C04F79EFBC}") = "Intel.MyDeals.IBusinessLogic", "Intel.MyDeals.IBusinessLogic\Intel.MyDeals.IBusinessLogic.csproj", "{A9AF9B92-17BA-4050-B5A7-F5F652AECDF9}"
EndProject
Project("{2150E333-8FDC-42A3-9474-1A3956D46DE8}") = "Intel MyDeals 7 JMSQueue App", "Intel MyDeals 7 JMSQueue App", "{6C43C3EB-57A7-475A-AF9C-871FA9B1BE93}"
EndProject
Project("{FAE04EC0-301F-11D3-BF4B-00C04F79EFBC}") = "Intel.Mydeals.JMSQueue", "Intel.Mydeals.JMSQueue\Intel.Mydeals.JMSQueue.csproj", "{CDBA81B2-F2C2-4ABE-93F6-394B4472B3DA}"
EndProject
Project("{2150E333-8FDC-42A3-9474-1A3956D46DE8}") = "Intel MyDeals 8 Utilities", "Intel MyDeals 8 Utilities", "{731204FA-2896-4FC7-85FA-C27BE5BDBE7C}"
EndProject
Project("{FAE04EC0-301F-11D3-BF4B-00C04F79EFBC}") = "Intel.MyDeals.CacheRecycle", "Intel.MyDeals.Utilities\Intel.MyDeals.CacheRecycle\Intel.MyDeals.CacheRecycle.csproj", "{A6EACEAB-4733-42D0-B649-8CD282917574}"
EndProject
Project("{FAE04EC0-301F-11D3-BF4B-00C04F79EFBC}") = "Intel.MyDeals.BusinessRules.Test", "Intel.MyDeals.BusinessRules.Test\Intel.MyDeals.BusinessRules.Test.csproj", "{8DEEFBA7-4CAF-481E-91CA-7EF7EDA69FB4}"
EndProject
Project("{2150E333-8FDC-42A3-9474-1A3956D46DE8}") = "Intel MyDeals 9 Console Jobs", "Intel MyDeals 9 Console Jobs", "{5376498F-F788-4B34-A51E-BEC1B8A05DD3}"
EndProject
Project("{FAE04EC0-301F-11D3-BF4B-00C04F79EFBC}") = "Intel.MyDeals.VistexService", "Intel.MyDeals.VistexService\Intel.MyDeals.VistexService.csproj", "{CD5EE68C-88BB-4372-8B9D-F824C0E66933}"
EndProject
Global
	GlobalSection(SolutionConfigurationPlatforms) = preSolution
		day1|Any CPU = day1|Any CPU
		Debug|Any CPU = Debug|Any CPU
		dev|Any CPU = dev|Any CPU
		eut|Any CPU = eut|Any CPU
		itt|Any CPU = itt|Any CPU
		perf|Any CPU = perf|Any CPU
		Release|Any CPU = Release|Any CPU
	EndGlobalSection
	GlobalSection(ProjectConfigurationPlatforms) = postSolution
		{BD90141B-F4DE-4FA3-B6D0-45BB04A3596F}.day1|Any CPU.ActiveCfg = Debug|Any CPU
		{BD90141B-F4DE-4FA3-B6D0-45BB04A3596F}.day1|Any CPU.Build.0 = Debug|Any CPU
		{BD90141B-F4DE-4FA3-B6D0-45BB04A3596F}.Debug|Any CPU.ActiveCfg = Debug|Any CPU
		{BD90141B-F4DE-4FA3-B6D0-45BB04A3596F}.Debug|Any CPU.Build.0 = Debug|Any CPU
		{BD90141B-F4DE-4FA3-B6D0-45BB04A3596F}.dev|Any CPU.ActiveCfg = Debug|Any CPU
		{BD90141B-F4DE-4FA3-B6D0-45BB04A3596F}.dev|Any CPU.Build.0 = Debug|Any CPU
		{BD90141B-F4DE-4FA3-B6D0-45BB04A3596F}.eut|Any CPU.ActiveCfg = Release|Any CPU
		{BD90141B-F4DE-4FA3-B6D0-45BB04A3596F}.eut|Any CPU.Build.0 = Release|Any CPU
		{BD90141B-F4DE-4FA3-B6D0-45BB04A3596F}.itt|Any CPU.ActiveCfg = Release|Any CPU
		{BD90141B-F4DE-4FA3-B6D0-45BB04A3596F}.itt|Any CPU.Build.0 = Release|Any CPU
		{BD90141B-F4DE-4FA3-B6D0-45BB04A3596F}.perf|Any CPU.ActiveCfg = Release|Any CPU
		{BD90141B-F4DE-4FA3-B6D0-45BB04A3596F}.perf|Any CPU.Build.0 = Release|Any CPU
		{BD90141B-F4DE-4FA3-B6D0-45BB04A3596F}.Release|Any CPU.ActiveCfg = Release|Any CPU
		{BD90141B-F4DE-4FA3-B6D0-45BB04A3596F}.Release|Any CPU.Build.0 = Release|Any CPU
		{AE1A3978-08EF-4A15-82CD-7BA6192A9B52}.day1|Any CPU.ActiveCfg = Debug|Any CPU
		{AE1A3978-08EF-4A15-82CD-7BA6192A9B52}.day1|Any CPU.Build.0 = Debug|Any CPU
		{AE1A3978-08EF-4A15-82CD-7BA6192A9B52}.Debug|Any CPU.ActiveCfg = Debug|Any CPU
		{AE1A3978-08EF-4A15-82CD-7BA6192A9B52}.Debug|Any CPU.Build.0 = Debug|Any CPU
		{AE1A3978-08EF-4A15-82CD-7BA6192A9B52}.dev|Any CPU.ActiveCfg = Debug|Any CPU
		{AE1A3978-08EF-4A15-82CD-7BA6192A9B52}.dev|Any CPU.Build.0 = Debug|Any CPU
		{AE1A3978-08EF-4A15-82CD-7BA6192A9B52}.eut|Any CPU.ActiveCfg = Release|Any CPU
		{AE1A3978-08EF-4A15-82CD-7BA6192A9B52}.eut|Any CPU.Build.0 = Release|Any CPU
		{AE1A3978-08EF-4A15-82CD-7BA6192A9B52}.itt|Any CPU.ActiveCfg = Release|Any CPU
		{AE1A3978-08EF-4A15-82CD-7BA6192A9B52}.itt|Any CPU.Build.0 = Release|Any CPU
		{AE1A3978-08EF-4A15-82CD-7BA6192A9B52}.perf|Any CPU.ActiveCfg = Release|Any CPU
		{AE1A3978-08EF-4A15-82CD-7BA6192A9B52}.perf|Any CPU.Build.0 = Release|Any CPU
		{AE1A3978-08EF-4A15-82CD-7BA6192A9B52}.Release|Any CPU.ActiveCfg = Release|Any CPU
		{AE1A3978-08EF-4A15-82CD-7BA6192A9B52}.Release|Any CPU.Build.0 = Release|Any CPU
		{B45850DC-1515-40D2-BFA5-15C8DFFC5AF2}.day1|Any CPU.ActiveCfg = Debug|Any CPU
		{B45850DC-1515-40D2-BFA5-15C8DFFC5AF2}.day1|Any CPU.Build.0 = Debug|Any CPU
		{B45850DC-1515-40D2-BFA5-15C8DFFC5AF2}.Debug|Any CPU.ActiveCfg = Debug|Any CPU
		{B45850DC-1515-40D2-BFA5-15C8DFFC5AF2}.Debug|Any CPU.Build.0 = Debug|Any CPU
		{B45850DC-1515-40D2-BFA5-15C8DFFC5AF2}.dev|Any CPU.ActiveCfg = Debug|Any CPU
		{B45850DC-1515-40D2-BFA5-15C8DFFC5AF2}.dev|Any CPU.Build.0 = Debug|Any CPU
		{B45850DC-1515-40D2-BFA5-15C8DFFC5AF2}.eut|Any CPU.ActiveCfg = Release|Any CPU
		{B45850DC-1515-40D2-BFA5-15C8DFFC5AF2}.eut|Any CPU.Build.0 = Release|Any CPU
		{B45850DC-1515-40D2-BFA5-15C8DFFC5AF2}.itt|Any CPU.ActiveCfg = Release|Any CPU
		{B45850DC-1515-40D2-BFA5-15C8DFFC5AF2}.itt|Any CPU.Build.0 = Release|Any CPU
		{B45850DC-1515-40D2-BFA5-15C8DFFC5AF2}.perf|Any CPU.ActiveCfg = Release|Any CPU
		{B45850DC-1515-40D2-BFA5-15C8DFFC5AF2}.perf|Any CPU.Build.0 = Release|Any CPU
		{B45850DC-1515-40D2-BFA5-15C8DFFC5AF2}.Release|Any CPU.ActiveCfg = Release|Any CPU
		{B45850DC-1515-40D2-BFA5-15C8DFFC5AF2}.Release|Any CPU.Build.0 = Release|Any CPU
		{D49F802F-7F79-4F6E-9553-D26F40E7DB34}.day1|Any CPU.ActiveCfg = Debug|Any CPU
		{D49F802F-7F79-4F6E-9553-D26F40E7DB34}.day1|Any CPU.Build.0 = Debug|Any CPU
		{D49F802F-7F79-4F6E-9553-D26F40E7DB34}.Debug|Any CPU.ActiveCfg = Debug|Any CPU
		{D49F802F-7F79-4F6E-9553-D26F40E7DB34}.Debug|Any CPU.Build.0 = Debug|Any CPU
		{D49F802F-7F79-4F6E-9553-D26F40E7DB34}.dev|Any CPU.ActiveCfg = Debug|Any CPU
		{D49F802F-7F79-4F6E-9553-D26F40E7DB34}.dev|Any CPU.Build.0 = Debug|Any CPU
		{D49F802F-7F79-4F6E-9553-D26F40E7DB34}.eut|Any CPU.ActiveCfg = Release|Any CPU
		{D49F802F-7F79-4F6E-9553-D26F40E7DB34}.eut|Any CPU.Build.0 = Release|Any CPU
		{D49F802F-7F79-4F6E-9553-D26F40E7DB34}.itt|Any CPU.ActiveCfg = itt|Any CPU
		{D49F802F-7F79-4F6E-9553-D26F40E7DB34}.itt|Any CPU.Build.0 = itt|Any CPU
		{D49F802F-7F79-4F6E-9553-D26F40E7DB34}.perf|Any CPU.ActiveCfg = itt|Any CPU
		{D49F802F-7F79-4F6E-9553-D26F40E7DB34}.perf|Any CPU.Build.0 = itt|Any CPU
		{D49F802F-7F79-4F6E-9553-D26F40E7DB34}.Release|Any CPU.ActiveCfg = Release|Any CPU
		{D49F802F-7F79-4F6E-9553-D26F40E7DB34}.Release|Any CPU.Build.0 = Release|Any CPU
		{2F3217AD-E46B-4DAB-82C2-11E007B65A9C}.day1|Any CPU.ActiveCfg = Debug|Any CPU
		{2F3217AD-E46B-4DAB-82C2-11E007B65A9C}.day1|Any CPU.Build.0 = Debug|Any CPU
		{2F3217AD-E46B-4DAB-82C2-11E007B65A9C}.Debug|Any CPU.ActiveCfg = Debug|Any CPU
		{2F3217AD-E46B-4DAB-82C2-11E007B65A9C}.Debug|Any CPU.Build.0 = Debug|Any CPU
		{2F3217AD-E46B-4DAB-82C2-11E007B65A9C}.dev|Any CPU.ActiveCfg = Debug|Any CPU
		{2F3217AD-E46B-4DAB-82C2-11E007B65A9C}.dev|Any CPU.Build.0 = Debug|Any CPU
		{2F3217AD-E46B-4DAB-82C2-11E007B65A9C}.eut|Any CPU.ActiveCfg = Release|Any CPU
		{2F3217AD-E46B-4DAB-82C2-11E007B65A9C}.eut|Any CPU.Build.0 = Release|Any CPU
		{2F3217AD-E46B-4DAB-82C2-11E007B65A9C}.itt|Any CPU.ActiveCfg = Release|Any CPU
		{2F3217AD-E46B-4DAB-82C2-11E007B65A9C}.itt|Any CPU.Build.0 = Release|Any CPU
		{2F3217AD-E46B-4DAB-82C2-11E007B65A9C}.perf|Any CPU.ActiveCfg = Release|Any CPU
		{2F3217AD-E46B-4DAB-82C2-11E007B65A9C}.perf|Any CPU.Build.0 = Release|Any CPU
		{2F3217AD-E46B-4DAB-82C2-11E007B65A9C}.Release|Any CPU.ActiveCfg = Release|Any CPU
		{2F3217AD-E46B-4DAB-82C2-11E007B65A9C}.Release|Any CPU.Build.0 = Release|Any CPU
		{4C8F8A09-1694-4E75-91F9-9E6CD9F697B3}.day1|Any CPU.ActiveCfg = Debug|Any CPU
		{4C8F8A09-1694-4E75-91F9-9E6CD9F697B3}.day1|Any CPU.Build.0 = Debug|Any CPU
		{4C8F8A09-1694-4E75-91F9-9E6CD9F697B3}.Debug|Any CPU.ActiveCfg = Debug|Any CPU
		{4C8F8A09-1694-4E75-91F9-9E6CD9F697B3}.Debug|Any CPU.Build.0 = Debug|Any CPU
		{4C8F8A09-1694-4E75-91F9-9E6CD9F697B3}.dev|Any CPU.ActiveCfg = Debug|Any CPU
		{4C8F8A09-1694-4E75-91F9-9E6CD9F697B3}.dev|Any CPU.Build.0 = Debug|Any CPU
		{4C8F8A09-1694-4E75-91F9-9E6CD9F697B3}.eut|Any CPU.ActiveCfg = Release|Any CPU
		{4C8F8A09-1694-4E75-91F9-9E6CD9F697B3}.eut|Any CPU.Build.0 = Release|Any CPU
		{4C8F8A09-1694-4E75-91F9-9E6CD9F697B3}.itt|Any CPU.ActiveCfg = Release|Any CPU
		{4C8F8A09-1694-4E75-91F9-9E6CD9F697B3}.itt|Any CPU.Build.0 = Release|Any CPU
		{4C8F8A09-1694-4E75-91F9-9E6CD9F697B3}.perf|Any CPU.ActiveCfg = Release|Any CPU
		{4C8F8A09-1694-4E75-91F9-9E6CD9F697B3}.perf|Any CPU.Build.0 = Release|Any CPU
		{4C8F8A09-1694-4E75-91F9-9E6CD9F697B3}.Release|Any CPU.ActiveCfg = Release|Any CPU
		{4C8F8A09-1694-4E75-91F9-9E6CD9F697B3}.Release|Any CPU.Build.0 = Release|Any CPU
		{82000E27-2C54-48BC-8226-001857E1A45D}.day1|Any CPU.ActiveCfg = day1|Any CPU
		{82000E27-2C54-48BC-8226-001857E1A45D}.day1|Any CPU.Build.0 = day1|Any CPU
		{82000E27-2C54-48BC-8226-001857E1A45D}.Debug|Any CPU.ActiveCfg = Debug|Any CPU
		{82000E27-2C54-48BC-8226-001857E1A45D}.Debug|Any CPU.Build.0 = Debug|Any CPU
		{82000E27-2C54-48BC-8226-001857E1A45D}.dev|Any CPU.ActiveCfg = dev|Any CPU
		{82000E27-2C54-48BC-8226-001857E1A45D}.dev|Any CPU.Build.0 = dev|Any CPU
		{82000E27-2C54-48BC-8226-001857E1A45D}.eut|Any CPU.ActiveCfg = eut|Any CPU
		{82000E27-2C54-48BC-8226-001857E1A45D}.eut|Any CPU.Build.0 = eut|Any CPU
		{82000E27-2C54-48BC-8226-001857E1A45D}.itt|Any CPU.ActiveCfg = Release|Any CPU
		{82000E27-2C54-48BC-8226-001857E1A45D}.itt|Any CPU.Build.0 = Release|Any CPU
		{82000E27-2C54-48BC-8226-001857E1A45D}.perf|Any CPU.ActiveCfg = perf|Any CPU
		{82000E27-2C54-48BC-8226-001857E1A45D}.perf|Any CPU.Build.0 = perf|Any CPU
		{82000E27-2C54-48BC-8226-001857E1A45D}.Release|Any CPU.ActiveCfg = Release|Any CPU
		{82000E27-2C54-48BC-8226-001857E1A45D}.Release|Any CPU.Build.0 = Release|Any CPU
		{5603E7C3-D96C-4019-BD50-338943DC67EC}.day1|Any CPU.ActiveCfg = Debug|Any CPU
		{5603E7C3-D96C-4019-BD50-338943DC67EC}.day1|Any CPU.Build.0 = Debug|Any CPU
		{5603E7C3-D96C-4019-BD50-338943DC67EC}.Debug|Any CPU.ActiveCfg = Debug|Any CPU
		{5603E7C3-D96C-4019-BD50-338943DC67EC}.Debug|Any CPU.Build.0 = Debug|Any CPU
		{5603E7C3-D96C-4019-BD50-338943DC67EC}.dev|Any CPU.ActiveCfg = Debug|Any CPU
		{5603E7C3-D96C-4019-BD50-338943DC67EC}.dev|Any CPU.Build.0 = Debug|Any CPU
		{5603E7C3-D96C-4019-BD50-338943DC67EC}.eut|Any CPU.ActiveCfg = Release|Any CPU
		{5603E7C3-D96C-4019-BD50-338943DC67EC}.eut|Any CPU.Build.0 = Release|Any CPU
		{5603E7C3-D96C-4019-BD50-338943DC67EC}.itt|Any CPU.ActiveCfg = Release|Any CPU
		{5603E7C3-D96C-4019-BD50-338943DC67EC}.itt|Any CPU.Build.0 = Release|Any CPU
		{5603E7C3-D96C-4019-BD50-338943DC67EC}.perf|Any CPU.ActiveCfg = Release|Any CPU
		{5603E7C3-D96C-4019-BD50-338943DC67EC}.perf|Any CPU.Build.0 = Release|Any CPU
		{5603E7C3-D96C-4019-BD50-338943DC67EC}.Release|Any CPU.ActiveCfg = Release|Any CPU
		{5603E7C3-D96C-4019-BD50-338943DC67EC}.Release|Any CPU.Build.0 = Release|Any CPU
		{0ED9E783-D25D-4BFA-B2B1-1FB0655B5671}.day1|Any CPU.ActiveCfg = Debug|Any CPU
		{0ED9E783-D25D-4BFA-B2B1-1FB0655B5671}.day1|Any CPU.Build.0 = Debug|Any CPU
		{0ED9E783-D25D-4BFA-B2B1-1FB0655B5671}.Debug|Any CPU.ActiveCfg = Debug|Any CPU
		{0ED9E783-D25D-4BFA-B2B1-1FB0655B5671}.Debug|Any CPU.Build.0 = Debug|Any CPU
		{0ED9E783-D25D-4BFA-B2B1-1FB0655B5671}.dev|Any CPU.ActiveCfg = Debug|Any CPU
		{0ED9E783-D25D-4BFA-B2B1-1FB0655B5671}.dev|Any CPU.Build.0 = Debug|Any CPU
		{0ED9E783-D25D-4BFA-B2B1-1FB0655B5671}.eut|Any CPU.ActiveCfg = Release|Any CPU
		{0ED9E783-D25D-4BFA-B2B1-1FB0655B5671}.eut|Any CPU.Build.0 = Release|Any CPU
		{0ED9E783-D25D-4BFA-B2B1-1FB0655B5671}.itt|Any CPU.ActiveCfg = Release|Any CPU
		{0ED9E783-D25D-4BFA-B2B1-1FB0655B5671}.itt|Any CPU.Build.0 = Release|Any CPU
		{0ED9E783-D25D-4BFA-B2B1-1FB0655B5671}.perf|Any CPU.ActiveCfg = Release|Any CPU
		{0ED9E783-D25D-4BFA-B2B1-1FB0655B5671}.perf|Any CPU.Build.0 = Release|Any CPU
		{0ED9E783-D25D-4BFA-B2B1-1FB0655B5671}.Release|Any CPU.ActiveCfg = Release|Any CPU
		{0ED9E783-D25D-4BFA-B2B1-1FB0655B5671}.Release|Any CPU.Build.0 = Release|Any CPU
		{BB4F6AF0-3519-4CF3-B0F1-7AEE380348FF}.day1|Any CPU.ActiveCfg = Debug|Any CPU
		{BB4F6AF0-3519-4CF3-B0F1-7AEE380348FF}.day1|Any CPU.Build.0 = Debug|Any CPU
		{BB4F6AF0-3519-4CF3-B0F1-7AEE380348FF}.Debug|Any CPU.ActiveCfg = Debug|Any CPU
		{BB4F6AF0-3519-4CF3-B0F1-7AEE380348FF}.Debug|Any CPU.Build.0 = Debug|Any CPU
		{BB4F6AF0-3519-4CF3-B0F1-7AEE380348FF}.dev|Any CPU.ActiveCfg = Debug|Any CPU
		{BB4F6AF0-3519-4CF3-B0F1-7AEE380348FF}.dev|Any CPU.Build.0 = Debug|Any CPU
		{BB4F6AF0-3519-4CF3-B0F1-7AEE380348FF}.eut|Any CPU.ActiveCfg = Release|Any CPU
		{BB4F6AF0-3519-4CF3-B0F1-7AEE380348FF}.eut|Any CPU.Build.0 = Release|Any CPU
		{BB4F6AF0-3519-4CF3-B0F1-7AEE380348FF}.itt|Any CPU.ActiveCfg = itt|Any CPU
		{BB4F6AF0-3519-4CF3-B0F1-7AEE380348FF}.itt|Any CPU.Build.0 = itt|Any CPU
		{BB4F6AF0-3519-4CF3-B0F1-7AEE380348FF}.perf|Any CPU.ActiveCfg = itt|Any CPU
		{BB4F6AF0-3519-4CF3-B0F1-7AEE380348FF}.perf|Any CPU.Build.0 = itt|Any CPU
		{BB4F6AF0-3519-4CF3-B0F1-7AEE380348FF}.Release|Any CPU.ActiveCfg = Release|Any CPU
		{BB4F6AF0-3519-4CF3-B0F1-7AEE380348FF}.Release|Any CPU.Build.0 = Release|Any CPU
		{AA269DBF-402C-45EC-A065-83F3BFA4105F}.day1|Any CPU.ActiveCfg = Debug|Any CPU
		{AA269DBF-402C-45EC-A065-83F3BFA4105F}.day1|Any CPU.Build.0 = Debug|Any CPU
		{AA269DBF-402C-45EC-A065-83F3BFA4105F}.Debug|Any CPU.ActiveCfg = Debug|Any CPU
		{AA269DBF-402C-45EC-A065-83F3BFA4105F}.Debug|Any CPU.Build.0 = Debug|Any CPU
		{AA269DBF-402C-45EC-A065-83F3BFA4105F}.dev|Any CPU.ActiveCfg = Debug|Any CPU
		{AA269DBF-402C-45EC-A065-83F3BFA4105F}.dev|Any CPU.Build.0 = Debug|Any CPU
		{AA269DBF-402C-45EC-A065-83F3BFA4105F}.eut|Any CPU.ActiveCfg = itt|Any CPU
		{AA269DBF-402C-45EC-A065-83F3BFA4105F}.eut|Any CPU.Build.0 = itt|Any CPU
		{AA269DBF-402C-45EC-A065-83F3BFA4105F}.itt|Any CPU.ActiveCfg = Release|Any CPU
		{AA269DBF-402C-45EC-A065-83F3BFA4105F}.itt|Any CPU.Build.0 = Release|Any CPU
		{AA269DBF-402C-45EC-A065-83F3BFA4105F}.perf|Any CPU.ActiveCfg = Release|Any CPU
		{AA269DBF-402C-45EC-A065-83F3BFA4105F}.perf|Any CPU.Build.0 = Release|Any CPU
		{AA269DBF-402C-45EC-A065-83F3BFA4105F}.Release|Any CPU.ActiveCfg = Release|Any CPU
		{AA269DBF-402C-45EC-A065-83F3BFA4105F}.Release|Any CPU.Build.0 = Release|Any CPU
		{54108804-19D3-4EFD-BDB5-9F9AA02FDD05}.day1|Any CPU.ActiveCfg = Debug|Any CPU
		{54108804-19D3-4EFD-BDB5-9F9AA02FDD05}.day1|Any CPU.Build.0 = Debug|Any CPU
		{54108804-19D3-4EFD-BDB5-9F9AA02FDD05}.Debug|Any CPU.ActiveCfg = Debug|Any CPU
		{54108804-19D3-4EFD-BDB5-9F9AA02FDD05}.Debug|Any CPU.Build.0 = Debug|Any CPU
		{54108804-19D3-4EFD-BDB5-9F9AA02FDD05}.dev|Any CPU.ActiveCfg = Debug|Any CPU
		{54108804-19D3-4EFD-BDB5-9F9AA02FDD05}.dev|Any CPU.Build.0 = Debug|Any CPU
		{54108804-19D3-4EFD-BDB5-9F9AA02FDD05}.eut|Any CPU.ActiveCfg = Release|Any CPU
		{54108804-19D3-4EFD-BDB5-9F9AA02FDD05}.eut|Any CPU.Build.0 = Release|Any CPU
		{54108804-19D3-4EFD-BDB5-9F9AA02FDD05}.itt|Any CPU.ActiveCfg = itt|Any CPU
		{54108804-19D3-4EFD-BDB5-9F9AA02FDD05}.itt|Any CPU.Build.0 = itt|Any CPU
		{54108804-19D3-4EFD-BDB5-9F9AA02FDD05}.perf|Any CPU.ActiveCfg = itt|Any CPU
		{54108804-19D3-4EFD-BDB5-9F9AA02FDD05}.perf|Any CPU.Build.0 = itt|Any CPU
		{54108804-19D3-4EFD-BDB5-9F9AA02FDD05}.Release|Any CPU.ActiveCfg = Release|Any CPU
		{54108804-19D3-4EFD-BDB5-9F9AA02FDD05}.Release|Any CPU.Build.0 = Release|Any CPU
		{3E9B9F0A-9C92-404E-AFDF-75AD67AC76D8}.day1|Any CPU.ActiveCfg = Debug|Any CPU
		{3E9B9F0A-9C92-404E-AFDF-75AD67AC76D8}.day1|Any CPU.Build.0 = Debug|Any CPU
		{3E9B9F0A-9C92-404E-AFDF-75AD67AC76D8}.Debug|Any CPU.ActiveCfg = Debug|Any CPU
		{3E9B9F0A-9C92-404E-AFDF-75AD67AC76D8}.Debug|Any CPU.Build.0 = Debug|Any CPU
		{3E9B9F0A-9C92-404E-AFDF-75AD67AC76D8}.dev|Any CPU.ActiveCfg = Debug|Any CPU
		{3E9B9F0A-9C92-404E-AFDF-75AD67AC76D8}.dev|Any CPU.Build.0 = Debug|Any CPU
		{3E9B9F0A-9C92-404E-AFDF-75AD67AC76D8}.eut|Any CPU.ActiveCfg = Release|Any CPU
		{3E9B9F0A-9C92-404E-AFDF-75AD67AC76D8}.eut|Any CPU.Build.0 = Release|Any CPU
		{3E9B9F0A-9C92-404E-AFDF-75AD67AC76D8}.itt|Any CPU.ActiveCfg = Release|Any CPU
		{3E9B9F0A-9C92-404E-AFDF-75AD67AC76D8}.itt|Any CPU.Build.0 = Release|Any CPU
		{3E9B9F0A-9C92-404E-AFDF-75AD67AC76D8}.perf|Any CPU.ActiveCfg = Release|Any CPU
		{3E9B9F0A-9C92-404E-AFDF-75AD67AC76D8}.perf|Any CPU.Build.0 = Release|Any CPU
		{3E9B9F0A-9C92-404E-AFDF-75AD67AC76D8}.Release|Any CPU.ActiveCfg = Release|Any CPU
		{3E9B9F0A-9C92-404E-AFDF-75AD67AC76D8}.Release|Any CPU.Build.0 = Release|Any CPU
		{BBC3062A-64DD-4C91-BF41-24046A9F1009}.day1|Any CPU.ActiveCfg = Debug|Any CPU
		{BBC3062A-64DD-4C91-BF41-24046A9F1009}.day1|Any CPU.Build.0 = Debug|Any CPU
		{BBC3062A-64DD-4C91-BF41-24046A9F1009}.Debug|Any CPU.ActiveCfg = Debug|Any CPU
		{BBC3062A-64DD-4C91-BF41-24046A9F1009}.Debug|Any CPU.Build.0 = Debug|Any CPU
		{BBC3062A-64DD-4C91-BF41-24046A9F1009}.dev|Any CPU.ActiveCfg = Debug|Any CPU
		{BBC3062A-64DD-4C91-BF41-24046A9F1009}.dev|Any CPU.Build.0 = Debug|Any CPU
		{BBC3062A-64DD-4C91-BF41-24046A9F1009}.eut|Any CPU.ActiveCfg = Release|Any CPU
		{BBC3062A-64DD-4C91-BF41-24046A9F1009}.eut|Any CPU.Build.0 = Release|Any CPU
		{BBC3062A-64DD-4C91-BF41-24046A9F1009}.itt|Any CPU.ActiveCfg = Release|Any CPU
		{BBC3062A-64DD-4C91-BF41-24046A9F1009}.itt|Any CPU.Build.0 = Release|Any CPU
		{BBC3062A-64DD-4C91-BF41-24046A9F1009}.perf|Any CPU.ActiveCfg = Release|Any CPU
		{BBC3062A-64DD-4C91-BF41-24046A9F1009}.perf|Any CPU.Build.0 = Release|Any CPU
		{BBC3062A-64DD-4C91-BF41-24046A9F1009}.Release|Any CPU.ActiveCfg = Release|Any CPU
		{BBC3062A-64DD-4C91-BF41-24046A9F1009}.Release|Any CPU.Build.0 = Release|Any CPU
		{A9AF9B92-17BA-4050-B5A7-F5F652AECDF9}.day1|Any CPU.ActiveCfg = Debug|Any CPU
		{A9AF9B92-17BA-4050-B5A7-F5F652AECDF9}.day1|Any CPU.Build.0 = Debug|Any CPU
		{A9AF9B92-17BA-4050-B5A7-F5F652AECDF9}.Debug|Any CPU.ActiveCfg = Debug|Any CPU
		{A9AF9B92-17BA-4050-B5A7-F5F652AECDF9}.Debug|Any CPU.Build.0 = Debug|Any CPU
		{A9AF9B92-17BA-4050-B5A7-F5F652AECDF9}.dev|Any CPU.ActiveCfg = Debug|Any CPU
		{A9AF9B92-17BA-4050-B5A7-F5F652AECDF9}.dev|Any CPU.Build.0 = Debug|Any CPU
		{A9AF9B92-17BA-4050-B5A7-F5F652AECDF9}.eut|Any CPU.ActiveCfg = utt|Any CPU
		{A9AF9B92-17BA-4050-B5A7-F5F652AECDF9}.eut|Any CPU.Build.0 = utt|Any CPU
		{A9AF9B92-17BA-4050-B5A7-F5F652AECDF9}.itt|Any CPU.ActiveCfg = Release|Any CPU
		{A9AF9B92-17BA-4050-B5A7-F5F652AECDF9}.itt|Any CPU.Build.0 = Release|Any CPU
		{A9AF9B92-17BA-4050-B5A7-F5F652AECDF9}.perf|Any CPU.ActiveCfg = Release|Any CPU
		{A9AF9B92-17BA-4050-B5A7-F5F652AECDF9}.perf|Any CPU.Build.0 = Release|Any CPU
		{A9AF9B92-17BA-4050-B5A7-F5F652AECDF9}.Release|Any CPU.ActiveCfg = Release|Any CPU
		{A9AF9B92-17BA-4050-B5A7-F5F652AECDF9}.Release|Any CPU.Build.0 = Release|Any CPU
		{CDBA81B2-F2C2-4ABE-93F6-394B4472B3DA}.day1|Any CPU.ActiveCfg = dev|Any CPU
		{CDBA81B2-F2C2-4ABE-93F6-394B4472B3DA}.day1|Any CPU.Build.0 = dev|Any CPU
		{CDBA81B2-F2C2-4ABE-93F6-394B4472B3DA}.Debug|Any CPU.ActiveCfg = Debug|Any CPU
		{CDBA81B2-F2C2-4ABE-93F6-394B4472B3DA}.Debug|Any CPU.Build.0 = Debug|Any CPU
		{CDBA81B2-F2C2-4ABE-93F6-394B4472B3DA}.dev|Any CPU.ActiveCfg = Debug|Any CPU
		{CDBA81B2-F2C2-4ABE-93F6-394B4472B3DA}.dev|Any CPU.Build.0 = Debug|Any CPU
		{CDBA81B2-F2C2-4ABE-93F6-394B4472B3DA}.eut|Any CPU.ActiveCfg = eut|Any CPU
		{CDBA81B2-F2C2-4ABE-93F6-394B4472B3DA}.eut|Any CPU.Build.0 = eut|Any CPU
		{CDBA81B2-F2C2-4ABE-93F6-394B4472B3DA}.itt|Any CPU.ActiveCfg = Release|Any CPU
		{CDBA81B2-F2C2-4ABE-93F6-394B4472B3DA}.itt|Any CPU.Build.0 = Release|Any CPU
		{CDBA81B2-F2C2-4ABE-93F6-394B4472B3DA}.perf|Any CPU.ActiveCfg = Release|Any CPU
		{CDBA81B2-F2C2-4ABE-93F6-394B4472B3DA}.perf|Any CPU.Build.0 = Release|Any CPU
		{CDBA81B2-F2C2-4ABE-93F6-394B4472B3DA}.Release|Any CPU.ActiveCfg = Release|Any CPU
		{CDBA81B2-F2C2-4ABE-93F6-394B4472B3DA}.Release|Any CPU.Build.0 = Release|Any CPU
		{A6EACEAB-4733-42D0-B649-8CD282917574}.day1|Any CPU.ActiveCfg = Debug|Any CPU
		{A6EACEAB-4733-42D0-B649-8CD282917574}.day1|Any CPU.Build.0 = Debug|Any CPU
		{A6EACEAB-4733-42D0-B649-8CD282917574}.Debug|Any CPU.ActiveCfg = Debug|Any CPU
		{A6EACEAB-4733-42D0-B649-8CD282917574}.Debug|Any CPU.Build.0 = Debug|Any CPU
		{A6EACEAB-4733-42D0-B649-8CD282917574}.dev|Any CPU.ActiveCfg = Debug|Any CPU
		{A6EACEAB-4733-42D0-B649-8CD282917574}.dev|Any CPU.Build.0 = Debug|Any CPU
		{A6EACEAB-4733-42D0-B649-8CD282917574}.eut|Any CPU.ActiveCfg = Release|Any CPU
		{A6EACEAB-4733-42D0-B649-8CD282917574}.eut|Any CPU.Build.0 = Release|Any CPU
		{A6EACEAB-4733-42D0-B649-8CD282917574}.itt|Any CPU.ActiveCfg = Release|Any CPU
		{A6EACEAB-4733-42D0-B649-8CD282917574}.itt|Any CPU.Build.0 = Release|Any CPU
		{A6EACEAB-4733-42D0-B649-8CD282917574}.perf|Any CPU.ActiveCfg = Release|Any CPU
		{A6EACEAB-4733-42D0-B649-8CD282917574}.perf|Any CPU.Build.0 = Release|Any CPU
		{A6EACEAB-4733-42D0-B649-8CD282917574}.Release|Any CPU.ActiveCfg = Release|Any CPU
		{A6EACEAB-4733-42D0-B649-8CD282917574}.Release|Any CPU.Build.0 = Release|Any CPU
		{8DEEFBA7-4CAF-481E-91CA-7EF7EDA69FB4}.day1|Any CPU.ActiveCfg = Debug|Any CPU
		{8DEEFBA7-4CAF-481E-91CA-7EF7EDA69FB4}.day1|Any CPU.Build.0 = Debug|Any CPU
		{8DEEFBA7-4CAF-481E-91CA-7EF7EDA69FB4}.Debug|Any CPU.ActiveCfg = Debug|Any CPU
		{8DEEFBA7-4CAF-481E-91CA-7EF7EDA69FB4}.Debug|Any CPU.Build.0 = Debug|Any CPU
		{8DEEFBA7-4CAF-481E-91CA-7EF7EDA69FB4}.dev|Any CPU.ActiveCfg = Debug|Any CPU
		{8DEEFBA7-4CAF-481E-91CA-7EF7EDA69FB4}.dev|Any CPU.Build.0 = Debug|Any CPU
		{8DEEFBA7-4CAF-481E-91CA-7EF7EDA69FB4}.eut|Any CPU.ActiveCfg = Release|Any CPU
		{8DEEFBA7-4CAF-481E-91CA-7EF7EDA69FB4}.eut|Any CPU.Build.0 = Release|Any CPU
		{8DEEFBA7-4CAF-481E-91CA-7EF7EDA69FB4}.itt|Any CPU.ActiveCfg = Release|Any CPU
		{8DEEFBA7-4CAF-481E-91CA-7EF7EDA69FB4}.itt|Any CPU.Build.0 = Release|Any CPU
		{8DEEFBA7-4CAF-481E-91CA-7EF7EDA69FB4}.perf|Any CPU.ActiveCfg = Release|Any CPU
		{8DEEFBA7-4CAF-481E-91CA-7EF7EDA69FB4}.perf|Any CPU.Build.0 = Release|Any CPU
		{8DEEFBA7-4CAF-481E-91CA-7EF7EDA69FB4}.Release|Any CPU.ActiveCfg = Release|Any CPU
		{8DEEFBA7-4CAF-481E-91CA-7EF7EDA69FB4}.Release|Any CPU.Build.0 = Release|Any CPU
		{CD5EE68C-88BB-4372-8B9D-F824C0E66933}.day1|Any CPU.ActiveCfg = Debug|Any CPU
		{CD5EE68C-88BB-4372-8B9D-F824C0E66933}.day1|Any CPU.Build.0 = Debug|Any CPU
		{CD5EE68C-88BB-4372-8B9D-F824C0E66933}.Debug|Any CPU.ActiveCfg = Debug|Any CPU
		{CD5EE68C-88BB-4372-8B9D-F824C0E66933}.Debug|Any CPU.Build.0 = Debug|Any CPU
		{CD5EE68C-88BB-4372-8B9D-F824C0E66933}.dev|Any CPU.ActiveCfg = Debug|Any CPU
		{CD5EE68C-88BB-4372-8B9D-F824C0E66933}.dev|Any CPU.Build.0 = Debug|Any CPU
		{CD5EE68C-88BB-4372-8B9D-F824C0E66933}.eut|Any CPU.ActiveCfg = eut|Any CPU
		{CD5EE68C-88BB-4372-8B9D-F824C0E66933}.eut|Any CPU.Build.0 = eut|Any CPU
		{CD5EE68C-88BB-4372-8B9D-F824C0E66933}.itt|Any CPU.ActiveCfg = Release|Any CPU
		{CD5EE68C-88BB-4372-8B9D-F824C0E66933}.itt|Any CPU.Build.0 = Release|Any CPU
		{CD5EE68C-88BB-4372-8B9D-F824C0E66933}.perf|Any CPU.ActiveCfg = Release|Any CPU
		{CD5EE68C-88BB-4372-8B9D-F824C0E66933}.perf|Any CPU.Build.0 = Release|Any CPU
		{CD5EE68C-88BB-4372-8B9D-F824C0E66933}.Release|Any CPU.ActiveCfg = Release|Any CPU
		{CD5EE68C-88BB-4372-8B9D-F824C0E66933}.Release|Any CPU.Build.0 = Release|Any CPU
	EndGlobalSection
	GlobalSection(SolutionProperties) = preSolution
		HideSolutionNode = FALSE
	EndGlobalSection
	GlobalSection(NestedProjects) = preSolution
		{BD90141B-F4DE-4FA3-B6D0-45BB04A3596F} = {A18EE0E6-6970-447C-94BD-B363F7D2C433}
		{AE1A3978-08EF-4A15-82CD-7BA6192A9B52} = {826EA199-87EA-43E9-B23C-61C1A1B334E6}
		{B45850DC-1515-40D2-BFA5-15C8DFFC5AF2} = {3EE27FFE-7643-4D8E-A0D2-09D306204105}
		{D49F802F-7F79-4F6E-9553-D26F40E7DB34} = {DDE77E6E-C875-4373-AD6A-402E63A065EC}
		{2F3217AD-E46B-4DAB-82C2-11E007B65A9C} = {ED7EFC47-D39F-4FB2-9C7D-63C201F66D01}
		{4C8F8A09-1694-4E75-91F9-9E6CD9F697B3} = {17E4B7FF-BFC2-4A5A-9B8E-F7917803CA85}
		{0ED9E783-D25D-4BFA-B2B1-1FB0655B5671} = {826EA199-87EA-43E9-B23C-61C1A1B334E6}
		{BB4F6AF0-3519-4CF3-B0F1-7AEE380348FF} = {3EE27FFE-7643-4D8E-A0D2-09D306204105}
		{AA269DBF-402C-45EC-A065-83F3BFA4105F} = {DDE77E6E-C875-4373-AD6A-402E63A065EC}
		{54108804-19D3-4EFD-BDB5-9F9AA02FDD05} = {17E4B7FF-BFC2-4A5A-9B8E-F7917803CA85}
		{3E9B9F0A-9C92-404E-AFDF-75AD67AC76D8} = {3EE27FFE-7643-4D8E-A0D2-09D306204105}
		{BBC3062A-64DD-4C91-BF41-24046A9F1009} = {D4550934-4B65-4F13-A51A-5873792838C1}
		{A9AF9B92-17BA-4050-B5A7-F5F652AECDF9} = {DDE77E6E-C875-4373-AD6A-402E63A065EC}
		{CDBA81B2-F2C2-4ABE-93F6-394B4472B3DA} = {6C43C3EB-57A7-475A-AF9C-871FA9B1BE93}
		{A6EACEAB-4733-42D0-B649-8CD282917574} = {731204FA-2896-4FC7-85FA-C27BE5BDBE7C}
		{8DEEFBA7-4CAF-481E-91CA-7EF7EDA69FB4} = {ED7EFC47-D39F-4FB2-9C7D-63C201F66D01}
		{CD5EE68C-88BB-4372-8B9D-F824C0E66933} = {5376498F-F788-4B34-A51E-BEC1B8A05DD3}
	EndGlobalSection
	GlobalSection(ExtensibilityGlobals) = postSolution
		EnterpriseLibraryConfigurationToolBinariesPath = packages\Unity.2.1.505.0\lib\NET35
		SolutionGuid = {F0833D76-D2F9-40D0-B013-ACB43C34A35D}
	EndGlobalSection
EndGlobal
